
Microsoft Visual Studio Solution File, Format Version 12.00
# Visual Studio 2013
VisualStudioVersion = 12.0.21005.1
MinimumVisualStudioVersion = 10.0.40219.1
Project("{FAE04EC0-301F-11D3-BF4B-00C04F79EFBC}") = "Task2", "Task2\Task2.csproj", "{3D7262DF-F5DC-44AE-889C-7A7363415537}"
EndProject
Project("{FAE04EC0-301F-11D3-BF4B-00C04F79EFBC}") = "Task3", "Task3\Task3.csproj", "{5B2A1CBF-6A80-44C8-AC94-34B4856E64FD}"
EndProject
Project("{FAE04EC0-301F-11D3-BF4B-00C04F79EFBC}") = "Task4", "Task 4\Task4.csproj", "{20E9D82B-F014-4088-951A-3181B0FCEA37}"
EndProject
Project("{FAE04EC0-301F-11D3-BF4B-00C04F79EFBC}") = "Task2Tests", "Task2Tests\Task2Tests.csproj", "{DAF8957C-BD71-4896-B909-284AB52716C2}"
EndProject
Project("{FAE04EC0-301F-11D3-BF4B-00C04F79EFBC}") = "Task3Tests", "Task3Tests\Task3Tests.csproj", "{E528FAF7-6E54-4274-BC14-6215920C93B7}"
EndProject
Project("{FAE04EC0-301F-11D3-BF4B-00C04F79EFBC}") = "Task4Tests", "Task4Tests\Task4Tests.csproj", "{F3006A00-360E-4978-9FBE-65C6818B8192}"
EndProject
Global
	GlobalSection(SolutionConfigurationPlatforms) = preSolution
		Debug|Any CPU = Debug|Any CPU
		Release|Any CPU = Release|Any CPU
	EndGlobalSection
	GlobalSection(ProjectConfigurationPlatforms) = postSolution
		{3D7262DF-F5DC-44AE-889C-7A7363415537}.Debug|Any CPU.ActiveCfg = Debug|Any CPU
		{3D7262DF-F5DC-44AE-889C-7A7363415537}.Debug|Any CPU.Build.0 = Debug|Any CPU
		{3D7262DF-F5DC-44AE-889C-7A7363415537}.Release|Any CPU.ActiveCfg = Release|Any CPU
		{3D7262DF-F5DC-44AE-889C-7A7363415537}.Release|Any CPU.Build.0 = Release|Any CPU
		{5B2A1CBF-6A80-44C8-AC94-34B4856E64FD}.Debug|Any CPU.ActiveCfg = Debug|Any CPU
		{5B2A1CBF-6A80-44C8-AC94-34B4856E64FD}.Debug|Any CPU.Build.0 = Debug|Any CPU
		{5B2A1CBF-6A80-44C8-AC94-34B4856E64FD}.Release|Any CPU.ActiveCfg = Release|Any CPU
		{5B2A1CBF-6A80-44C8-AC94-34B4856E64FD}.Release|Any CPU.Build.0 = Release|Any CPU
		{20E9D82B-F014-4088-951A-3181B0FCEA37}.Debug|Any CPU.ActiveCfg = Debug|Any CPU
		{20E9D82B-F014-4088-951A-3181B0FCEA37}.Debug|Any CPU.Build.0 = Debug|Any CPU
		{20E9D82B-F014-4088-951A-3181B0FCEA37}.Release|Any CPU.ActiveCfg = Release|Any CPU
		{20E9D82B-F014-4088-951A-3181B0FCEA37}.Release|Any CPU.Build.0 = Release|Any CPU
		{DAF8957C-BD71-4896-B909-284AB52716C2}.Debug|Any CPU.ActiveCfg = Debug|Any CPU
		{DAF8957C-BD71-4896-B909-284AB52716C2}.Debug|Any CPU.Build.0 = Debug|Any CPU
		{DAF8957C-BD71-4896-B909-284AB52716C2}.Release|Any CPU.ActiveCfg = Release|Any CPU
		{DAF8957C-BD71-4896-B909-284AB52716C2}.Release|Any CPU.Build.0 = Release|Any CPU
		{E528FAF7-6E54-4274-BC14-6215920C93B7}.Debug|Any CPU.ActiveCfg = Debug|Any CPU
		{E528FAF7-6E54-4274-BC14-6215920C93B7}.Debug|Any CPU.Build.0 = Debug|Any CPU
		{E528FAF7-6E54-4274-BC14-6215920C93B7}.Release|Any CPU.ActiveCfg = Release|Any CPU
		{E528FAF7-6E54-4274-BC14-6215920C93B7}.Release|Any CPU.Build.0 = Release|Any CPU
		{F3006A00-360E-4978-9FBE-65C6818B8192}.Debug|Any CPU.ActiveCfg = Debug|Any CPU
		{F3006A00-360E-4978-9FBE-65C6818B8192}.Debug|Any CPU.Build.0 = Debug|Any CPU
		{F3006A00-360E-4978-9FBE-65C6818B8192}.Release|Any CPU.ActiveCfg = Release|Any CPU
		{F3006A00-360E-4978-9FBE-65C6818B8192}.Release|Any CPU.Build.0 = Release|Any CPU
	EndGlobalSection
	GlobalSection(SolutionProperties) = preSolution
		HideSolutionNode = FALSE
	EndGlobalSection
EndGlobal
